
Microsoft Visual Studio Solution File, Format Version 12.00
Project("{FAE04EC0-301F-11D3-BF4B-00C04F79EFBC}") = "HousingRepairsOnline.AddressIngestion", "HousingRepairsOnline.AddressIngestion\HousingRepairsOnline.AddressIngestion.csproj", "{FD0417F5-C977-417F-AF2D-904A135F5A31}"
EndProject
Global
	GlobalSection(SolutionConfigurationPlatforms) = preSolution
		Debug|Any CPU = Debug|Any CPU
		Release|Any CPU = Release|Any CPU
	EndGlobalSection
	GlobalSection(ProjectConfigurationPlatforms) = postSolution
		{FD0417F5-C977-417F-AF2D-904A135F5A31}.Debug|Any CPU.ActiveCfg = Debug|Any CPU
		{FD0417F5-C977-417F-AF2D-904A135F5A31}.Debug|Any CPU.Build.0 = Debug|Any CPU
		{FD0417F5-C977-417F-AF2D-904A135F5A31}.Release|Any CPU.ActiveCfg = Release|Any CPU
		{FD0417F5-C977-417F-AF2D-904A135F5A31}.Release|Any CPU.Build.0 = Release|Any CPU
	EndGlobalSection
EndGlobal
